
Microsoft Visual Studio Solution File, Format Version 12.00
# Visual Studio Version 16
VisualStudioVersion = 16.0.30011.22
MinimumVisualStudioVersion = 10.0.40219.1
Project("{FAE04EC0-301F-11D3-BF4B-00C04F79EFBC}") = "SomeBoxesConsole", "SomeBoxesConsole\SomeBoxesConsole.csproj", "{2BD0E9E0-0EBE-4A24-A600-F103E67F70F2}"
EndProject
Project("{FAE04EC0-301F-11D3-BF4B-00C04F79EFBC}") = "SomeBoxes.Data", "SomeBoxes.Data\SomeBoxes.Data.csproj", "{600E6BF7-5A72-472C-A5FD-BBCC99EDEA0D}"
EndProject
Global
	GlobalSection(SolutionConfigurationPlatforms) = preSolution
		Debug|Any CPU = Debug|Any CPU
		Release|Any CPU = Release|Any CPU
	EndGlobalSection
	GlobalSection(ProjectConfigurationPlatforms) = postSolution
		{2BD0E9E0-0EBE-4A24-A600-F103E67F70F2}.Debug|Any CPU.ActiveCfg = Debug|Any CPU
		{2BD0E9E0-0EBE-4A24-A600-F103E67F70F2}.Debug|Any CPU.Build.0 = Debug|Any CPU
		{2BD0E9E0-0EBE-4A24-A600-F103E67F70F2}.Release|Any CPU.ActiveCfg = Release|Any CPU
		{2BD0E9E0-0EBE-4A24-A600-F103E67F70F2}.Release|Any CPU.Build.0 = Release|Any CPU
		{600E6BF7-5A72-472C-A5FD-BBCC99EDEA0D}.Debug|Any CPU.ActiveCfg = Debug|Any CPU
		{600E6BF7-5A72-472C-A5FD-BBCC99EDEA0D}.Debug|Any CPU.Build.0 = Debug|Any CPU
		{600E6BF7-5A72-472C-A5FD-BBCC99EDEA0D}.Release|Any CPU.ActiveCfg = Release|Any CPU
		{600E6BF7-5A72-472C-A5FD-BBCC99EDEA0D}.Release|Any CPU.Build.0 = Release|Any CPU
	EndGlobalSection
	GlobalSection(SolutionProperties) = preSolution
		HideSolutionNode = FALSE
	EndGlobalSection
	GlobalSection(ExtensibilityGlobals) = postSolution
		SolutionGuid = {7002F9F3-F689-485C-A045-C45C0C82FFDA}
	EndGlobalSection
EndGlobal
