
Microsoft Visual Studio Solution File, Format Version 12.00
# Visual Studio Version 16
VisualStudioVersion = 16.0.30011.22
MinimumVisualStudioVersion = 10.0.40219.1
Project("{FAE04EC0-301F-11D3-BF4B-00C04F79EFBC}") = "SomeBoxes.DataLayer", "SomeBoxes.DataLayer\SomeBoxes.DataLayer.csproj", "{EBC9A5D0-0E22-43C0-8D9F-B57F522D47BF}"
EndProject
Project("{FAE04EC0-301F-11D3-BF4B-00C04F79EFBC}") = "SomeBoxes.ConsoleLayer", "SomeBoxes.ConsoleLayer\SomeBoxes.ConsoleLayer.csproj", "{4564E3CF-B82C-4547-983B-9B843AE11E32}"
EndProject
Global
	GlobalSection(SolutionConfigurationPlatforms) = preSolution
		Debug|Any CPU = Debug|Any CPU
		Release|Any CPU = Release|Any CPU
	EndGlobalSection
	GlobalSection(ProjectConfigurationPlatforms) = postSolution
		{EBC9A5D0-0E22-43C0-8D9F-B57F522D47BF}.Debug|Any CPU.ActiveCfg = Debug|Any CPU
		{EBC9A5D0-0E22-43C0-8D9F-B57F522D47BF}.Debug|Any CPU.Build.0 = Debug|Any CPU
		{EBC9A5D0-0E22-43C0-8D9F-B57F522D47BF}.Release|Any CPU.ActiveCfg = Release|Any CPU
		{EBC9A5D0-0E22-43C0-8D9F-B57F522D47BF}.Release|Any CPU.Build.0 = Release|Any CPU
		{4564E3CF-B82C-4547-983B-9B843AE11E32}.Debug|Any CPU.ActiveCfg = Debug|Any CPU
		{4564E3CF-B82C-4547-983B-9B843AE11E32}.Debug|Any CPU.Build.0 = Debug|Any CPU
		{4564E3CF-B82C-4547-983B-9B843AE11E32}.Release|Any CPU.ActiveCfg = Release|Any CPU
		{4564E3CF-B82C-4547-983B-9B843AE11E32}.Release|Any CPU.Build.0 = Release|Any CPU
	EndGlobalSection
	GlobalSection(SolutionProperties) = preSolution
		HideSolutionNode = FALSE
	EndGlobalSection
	GlobalSection(ExtensibilityGlobals) = postSolution
		SolutionGuid = {7002F9F3-F689-485C-A045-C45C0C82FFDA}
	EndGlobalSection
EndGlobal
